
Microsoft Visual Studio Solution File, Format Version 12.00
# Visual Studio Version 16
VisualStudioVersion = 16.0.31515.178
MinimumVisualStudioVersion = 10.0.40219.1
Project("{FAE04EC0-301F-11D3-BF4B-00C04F79EFBC}") = "EFCore.WebAPI", "EFCore.WebAPI.csproj", "{D271A8FD-5389-4E28-98F3-22A2742D8EE8}"
EndProject
Project("{FAE04EC0-301F-11D3-BF4B-00C04F79EFBC}") = "EFCore.Domain", "..\EFCore.Domain\EFCore.Domain.csproj", "{3F6FFEF9-EFDF-4B90-B410-17F887F75F7E}"
EndProject
Project("{FAE04EC0-301F-11D3-BF4B-00C04F79EFBC}") = "EFCore.Repository", "..\EFCore.Repository\EFCore.Repository.csproj", "{BB120BB9-B8A2-400E-A24A-8BF7BD6BD9A3}"
EndProject
Global
	GlobalSection(SolutionConfigurationPlatforms) = preSolution
		Debug|Any CPU = Debug|Any CPU
		Release|Any CPU = Release|Any CPU
	EndGlobalSection
	GlobalSection(ProjectConfigurationPlatforms) = postSolution
		{D271A8FD-5389-4E28-98F3-22A2742D8EE8}.Debug|Any CPU.ActiveCfg = Debug|Any CPU
		{D271A8FD-5389-4E28-98F3-22A2742D8EE8}.Debug|Any CPU.Build.0 = Debug|Any CPU
		{D271A8FD-5389-4E28-98F3-22A2742D8EE8}.Release|Any CPU.ActiveCfg = Release|Any CPU
		{D271A8FD-5389-4E28-98F3-22A2742D8EE8}.Release|Any CPU.Build.0 = Release|Any CPU
		{3F6FFEF9-EFDF-4B90-B410-17F887F75F7E}.Debug|Any CPU.ActiveCfg = Debug|Any CPU
		{3F6FFEF9-EFDF-4B90-B410-17F887F75F7E}.Debug|Any CPU.Build.0 = Debug|Any CPU
		{3F6FFEF9-EFDF-4B90-B410-17F887F75F7E}.Release|Any CPU.ActiveCfg = Release|Any CPU
		{3F6FFEF9-EFDF-4B90-B410-17F887F75F7E}.Release|Any CPU.Build.0 = Release|Any CPU
		{BB120BB9-B8A2-400E-A24A-8BF7BD6BD9A3}.Debug|Any CPU.ActiveCfg = Debug|Any CPU
		{BB120BB9-B8A2-400E-A24A-8BF7BD6BD9A3}.Debug|Any CPU.Build.0 = Debug|Any CPU
		{BB120BB9-B8A2-400E-A24A-8BF7BD6BD9A3}.Release|Any CPU.ActiveCfg = Release|Any CPU
		{BB120BB9-B8A2-400E-A24A-8BF7BD6BD9A3}.Release|Any CPU.Build.0 = Release|Any CPU
	EndGlobalSection
	GlobalSection(SolutionProperties) = preSolution
		HideSolutionNode = FALSE
	EndGlobalSection
	GlobalSection(ExtensibilityGlobals) = postSolution
		SolutionGuid = {D9FE36C4-301A-4CFC-8854-1D4C60DA0AC5}
	EndGlobalSection
EndGlobal
